// !$*UTF8*$!
{
	archiveVersion = 1;
	classes = {
	};
	objectVersion = 56;
	objects = {

/* Begin PBXBuildFile section */
		02192FFC29DC001E00673A5C /* Tab.swift in Sources */ = {isa = PBXBuildFile; fileRef = 02192FFB29DC001E00673A5C /* Tab.swift */; };
		02192FFE29DC012600673A5C /* Home1.swift in Sources */ = {isa = PBXBuildFile; fileRef = 02192FFD29DC012600673A5C /* Home1.swift */; };
		0219300129DC1A9C00673A5C /* ScrollOffserModifier.swift in Sources */ = {isa = PBXBuildFile; fileRef = 0219300029DC1A9C00673A5C /* ScrollOffserModifier.swift */; };
		0219300329DC28A800673A5C /* AnimationEndCallback.swift in Sources */ = {isa = PBXBuildFile; fileRef = 0219300229DC28A800673A5C /* AnimationEndCallback.swift */; };
		02263A9E29D8988E00B45BBC /* SwiftUIAnimationsApp.swift in Sources */ = {isa = PBXBuildFile; fileRef = 02263A9D29D8988E00B45BBC /* SwiftUIAnimationsApp.swift */; };
		02263AA029D8988E00B45BBC /* ContentView.swift in Sources */ = {isa = PBXBuildFile; fileRef = 02263A9F29D8988E00B45BBC /* ContentView.swift */; };
		02263AA229D8988F00B45BBC /* Assets.xcassets in Resources */ = {isa = PBXBuildFile; fileRef = 02263AA129D8988F00B45BBC /* Assets.xcassets */; };
		02263AA529D8988F00B45BBC /* Preview Assets.xcassets in Resources */ = {isa = PBXBuildFile; fileRef = 02263AA429D8988F00B45BBC /* Preview Assets.xcassets */; };
		02263AAC29D9337900B45BBC /* OptimiseBuildSettings.swift in Sources */ = {isa = PBXBuildFile; fileRef = 02263AAB29D9337900B45BBC /* OptimiseBuildSettings.swift */; };
		02263AB129D979E400B45BBC /* PageIntro.swift in Sources */ = {isa = PBXBuildFile; fileRef = 02263AB029D979E400B45BBC /* PageIntro.swift */; };
		02263AB329D97BD300B45BBC /* Home.swift in Sources */ = {isa = PBXBuildFile; fileRef = 02263AB229D97BD300B45BBC /* Home.swift */; };
		02263AB529D9834500B45BBC /* CustomIndicatorView.swift in Sources */ = {isa = PBXBuildFile; fileRef = 02263AB429D9834500B45BBC /* CustomIndicatorView.swift */; };
		0234E82A2A0E533D001351CB /* BreathingAppAnimation.swift in Sources */ = {isa = PBXBuildFile; fileRef = 0234E8292A0E533D001351CB /* BreathingAppAnimation.swift */; };
		024E89E729E2CEBF000330E5 /* Extension.swift in Sources */ = {isa = PBXBuildFile; fileRef = 024E89E629E2CEBF000330E5 /* Extension.swift */; };
		0250D79729E5D28400234761 /* QuizAnimation.swift in Sources */ = {isa = PBXBuildFile; fileRef = 0250D79629E5D28400234761 /* QuizAnimation.swift */; };
		029373D729E288E200EAF9E7 /* StickyHeaderModel.swift in Sources */ = {isa = PBXBuildFile; fileRef = 029373D629E288E200EAF9E7 /* StickyHeaderModel.swift */; };
		029373DA29E2956800EAF9E7 /* StickyHeaderHome.swift in Sources */ = {isa = PBXBuildFile; fileRef = 029373D929E2956800EAF9E7 /* StickyHeaderHome.swift */; };
		02D9547B29DB130F002B4B9E /* CustomTextField.swift in Sources */ = {isa = PBXBuildFile; fileRef = 02D9547A29DB130F002B4B9E /* CustomTextField.swift */; };
		02D9547D29DB1B8E002B4B9E /* InfiniteCarousel.swift in Sources */ = {isa = PBXBuildFile; fileRef = 02D9547C29DB1B8E002B4B9E /* InfiniteCarousel.swift */; };
		02E8DD4729DF0402006D005C /* TextAnimation.swift in Sources */ = {isa = PBXBuildFile; fileRef = 02E8DD4629DF0402006D005C /* TextAnimation.swift */; };
/* End PBXBuildFile section */

/* Begin PBXFileReference section */
		02192FFB29DC001E00673A5C /* Tab.swift */ = {isa = PBXFileReference; lastKnownFileType = sourcecode.swift; path = Tab.swift; sourceTree = "<group>"; };
		02192FFD29DC012600673A5C /* Home1.swift */ = {isa = PBXFileReference; lastKnownFileType = sourcecode.swift; path = Home1.swift; sourceTree = "<group>"; };
		0219300029DC1A9C00673A5C /* ScrollOffserModifier.swift */ = {isa = PBXFileReference; lastKnownFileType = sourcecode.swift; path = ScrollOffserModifier.swift; sourceTree = "<group>"; };
		0219300229DC28A800673A5C /* AnimationEndCallback.swift */ = {isa = PBXFileReference; lastKnownFileType = sourcecode.swift; path = AnimationEndCallback.swift; sourceTree = "<group>"; };
		02263A9A29D8988E00B45BBC /* SwiftUIAnimations.app */ = {isa = PBXFileReference; explicitFileType = wrapper.application; includeInIndex = 0; path = SwiftUIAnimations.app; sourceTree = BUILT_PRODUCTS_DIR; };
		02263A9D29D8988E00B45BBC /* SwiftUIAnimationsApp.swift */ = {isa = PBXFileReference; lastKnownFileType = sourcecode.swift; path = SwiftUIAnimationsApp.swift; sourceTree = "<group>"; };
		02263A9F29D8988E00B45BBC /* ContentView.swift */ = {isa = PBXFileReference; lastKnownFileType = sourcecode.swift; path = ContentView.swift; sourceTree = "<group>"; };
		02263AA129D8988F00B45BBC /* Assets.xcassets */ = {isa = PBXFileReference; lastKnownFileType = folder.assetcatalog; path = Assets.xcassets; sourceTree = "<group>"; };
		02263AA429D8988F00B45BBC /* Preview Assets.xcassets */ = {isa = PBXFileReference; lastKnownFileType = folder.assetcatalog; path = "Preview Assets.xcassets"; sourceTree = "<group>"; };
		02263AAB29D9337900B45BBC /* OptimiseBuildSettings.swift */ = {isa = PBXFileReference; lastKnownFileType = sourcecode.swift; path = OptimiseBuildSettings.swift; sourceTree = "<group>"; };
		02263AB029D979E400B45BBC /* PageIntro.swift */ = {isa = PBXFileReference; lastKnownFileType = sourcecode.swift; path = PageIntro.swift; sourceTree = "<group>"; };
		02263AB229D97BD300B45BBC /* Home.swift */ = {isa = PBXFileReference; lastKnownFileType = sourcecode.swift; path = Home.swift; sourceTree = "<group>"; };
		02263AB429D9834500B45BBC /* CustomIndicatorView.swift */ = {isa = PBXFileReference; lastKnownFileType = sourcecode.swift; path = CustomIndicatorView.swift; sourceTree = "<group>"; };
		0234E8292A0E533D001351CB /* BreathingAppAnimation.swift */ = {isa = PBXFileReference; lastKnownFileType = sourcecode.swift; path = BreathingAppAnimation.swift; sourceTree = "<group>"; };
		024E89E629E2CEBF000330E5 /* Extension.swift */ = {isa = PBXFileReference; lastKnownFileType = sourcecode.swift; path = Extension.swift; sourceTree = "<group>"; };
		0250D79629E5D28400234761 /* QuizAnimation.swift */ = {isa = PBXFileReference; lastKnownFileType = sourcecode.swift; path = QuizAnimation.swift; sourceTree = "<group>"; };
		029373D629E288E200EAF9E7 /* StickyHeaderModel.swift */ = {isa = PBXFileReference; lastKnownFileType = sourcecode.swift; path = StickyHeaderModel.swift; sourceTree = "<group>"; };
		029373D929E2956800EAF9E7 /* StickyHeaderHome.swift */ = {isa = PBXFileReference; lastKnownFileType = sourcecode.swift; path = StickyHeaderHome.swift; sourceTree = "<group>"; };
		02D9547A29DB130F002B4B9E /* CustomTextField.swift */ = {isa = PBXFileReference; lastKnownFileType = sourcecode.swift; path = CustomTextField.swift; sourceTree = "<group>"; };
		02D9547C29DB1B8E002B4B9E /* InfiniteCarousel.swift */ = {isa = PBXFileReference; lastKnownFileType = sourcecode.swift; path = InfiniteCarousel.swift; sourceTree = "<group>"; };
		02E8DD4629DF0402006D005C /* TextAnimation.swift */ = {isa = PBXFileReference; lastKnownFileType = sourcecode.swift; path = TextAnimation.swift; sourceTree = "<group>"; };
/* End PBXFileReference section */

/* Begin PBXFrameworksBuildPhase section */
		02263A9729D8988E00B45BBC /* Frameworks */ = {
			isa = PBXFrameworksBuildPhase;
			buildActionMask = 2147483647;
			files = (
			);
			runOnlyForDeploymentPostprocessing = 0;
		};
/* End PBXFrameworksBuildPhase section */

/* Begin PBXGroup section */
		02192FF829DBFFE000673A5C /* AutoScrollingTab */ = {
			isa = PBXGroup;
			children = (
				02192FFF29DC1A8800673A5C /* Helper */,
				02192FFA29DBFFFB00673A5C /* View */,
				02192FF929DBFFF400673A5C /* Model */,
			);
			path = AutoScrollingTab;
			sourceTree = "<group>";
		};
		02192FF929DBFFF400673A5C /* Model */ = {
			isa = PBXGroup;
			children = (
				02192FFB29DC001E00673A5C /* Tab.swift */,
			);
			path = Model;
			sourceTree = "<group>";
		};
		02192FFA29DBFFFB00673A5C /* View */ = {
			isa = PBXGroup;
			children = (
				02192FFD29DC012600673A5C /* Home1.swift */,
			);
			path = View;
			sourceTree = "<group>";
		};
		02192FFF29DC1A8800673A5C /* Helper */ = {
			isa = PBXGroup;
			children = (
				0219300029DC1A9C00673A5C /* ScrollOffserModifier.swift */,
				0219300229DC28A800673A5C /* AnimationEndCallback.swift */,
			);
			path = Helper;
			sourceTree = "<group>";
		};
		02263A9129D8988E00B45BBC = {
			isa = PBXGroup;
			children = (
				02263A9C29D8988E00B45BBC /* SwiftUIAnimations */,
				02263A9B29D8988E00B45BBC /* Products */,
			);
			sourceTree = "<group>";
		};
		02263A9B29D8988E00B45BBC /* Products */ = {
			isa = PBXGroup;
			children = (
				02263A9A29D8988E00B45BBC /* SwiftUIAnimations.app */,
			);
			name = Products;
			sourceTree = "<group>";
		};
		02263A9C29D8988E00B45BBC /* SwiftUIAnimations */ = {
			isa = PBXGroup;
			children = (
				029373D429E287EF00EAF9E7 /* StickyHeaderAnimation */,
				02192FF829DBFFE000673A5C /* AutoScrollingTab */,
				02263AAD29D973E800B45BBC /* OnboardingAnimations */,
				02263A9D29D8988E00B45BBC /* SwiftUIAnimationsApp.swift */,
				02263A9F29D8988E00B45BBC /* ContentView.swift */,
				02263AA129D8988F00B45BBC /* Assets.xcassets */,
				02263AA329D8988F00B45BBC /* Preview Content */,
				02263AAB29D9337900B45BBC /* OptimiseBuildSettings.swift */,
				02D9547C29DB1B8E002B4B9E /* InfiniteCarousel.swift */,
				02E8DD4629DF0402006D005C /* TextAnimation.swift */,
				0250D79629E5D28400234761 /* QuizAnimation.swift */,
				0234E8292A0E533D001351CB /* BreathingAppAnimation.swift */,
			);
			path = SwiftUIAnimations;
			sourceTree = "<group>";
		};
		02263AA329D8988F00B45BBC /* Preview Content */ = {
			isa = PBXGroup;
			children = (
				02263AA429D8988F00B45BBC /* Preview Assets.xcassets */,
			);
			path = "Preview Content";
			sourceTree = "<group>";
		};
		02263AAD29D973E800B45BBC /* OnboardingAnimations */ = {
			isa = PBXGroup;
			children = (
				02263AAF29D979CD00B45BBC /* View */,
				02263AAE29D979BC00B45BBC /* Model */,
			);
			path = OnboardingAnimations;
			sourceTree = "<group>";
		};
		02263AAE29D979BC00B45BBC /* Model */ = {
			isa = PBXGroup;
			children = (
				02263AB029D979E400B45BBC /* PageIntro.swift */,
			);
			path = Model;
			sourceTree = "<group>";
		};
		02263AAF29D979CD00B45BBC /* View */ = {
			isa = PBXGroup;
			children = (
				02263AB229D97BD300B45BBC /* Home.swift */,
				02263AB429D9834500B45BBC /* CustomIndicatorView.swift */,
				02D9547A29DB130F002B4B9E /* CustomTextField.swift */,
			);
			path = View;
			sourceTree = "<group>";
		};
		024E89E529E2CEA8000330E5 /* Extension */ = {
			isa = PBXGroup;
			children = (
				024E89E629E2CEBF000330E5 /* Extension.swift */,
			);
			path = Extension;
			sourceTree = "<group>";
		};
		029373D429E287EF00EAF9E7 /* StickyHeaderAnimation */ = {
			isa = PBXGroup;
			children = (
				024E89E529E2CEA8000330E5 /* Extension */,
				029373D829E2951200EAF9E7 /* View */,
				029373D529E2881C00EAF9E7 /* Model */,
			);
			path = StickyHeaderAnimation;
			sourceTree = "<group>";
		};
		029373D529E2881C00EAF9E7 /* Model */ = {
			isa = PBXGroup;
			children = (
				029373D629E288E200EAF9E7 /* StickyHeaderModel.swift */,
			);
			path = Model;
			sourceTree = "<group>";
		};
		029373D829E2951200EAF9E7 /* View */ = {
			isa = PBXGroup;
			children = (
				029373D929E2956800EAF9E7 /* StickyHeaderHome.swift */,
			);
			path = View;
			sourceTree = "<group>";
		};
/* End PBXGroup section */

/* Begin PBXNativeTarget section */
		02263A9929D8988E00B45BBC /* SwiftUIAnimations */ = {
			isa = PBXNativeTarget;
			buildConfigurationList = 02263AA829D8988F00B45BBC /* Build configuration list for PBXNativeTarget "SwiftUIAnimations" */;
			buildPhases = (
				02263A9629D8988E00B45BBC /* Sources */,
				02263A9729D8988E00B45BBC /* Frameworks */,
				02263A9829D8988E00B45BBC /* Resources */,
			);
			buildRules = (
			);
			dependencies = (
			);
			name = SwiftUIAnimations;
			productName = SwiftUIAnimations;
			productReference = 02263A9A29D8988E00B45BBC /* SwiftUIAnimations.app */;
			productType = "com.apple.product-type.application";
		};
/* End PBXNativeTarget section */

/* Begin PBXProject section */
		02263A9229D8988E00B45BBC /* Project object */ = {
			isa = PBXProject;
			attributes = {
				BuildIndependentTargetsInParallel = 1;
				LastSwiftUpdateCheck = 1420;
				LastUpgradeCheck = 1420;
				TargetAttributes = {
					02263A9929D8988E00B45BBC = {
						CreatedOnToolsVersion = 14.2;
					};
				};
			};
			buildConfigurationList = 02263A9529D8988E00B45BBC /* Build configuration list for PBXProject "SwiftUIAnimations" */;
			compatibilityVersion = "Xcode 14.0";
			developmentRegion = en;
			hasScannedForEncodings = 0;
			knownRegions = (
				en,
				Base,
			);
			mainGroup = 02263A9129D8988E00B45BBC;
			productRefGroup = 02263A9B29D8988E00B45BBC /* Products */;
			projectDirPath = "";
			projectRoot = "";
			targets = (
				02263A9929D8988E00B45BBC /* SwiftUIAnimations */,
			);
		};
/* End PBXProject section */

/* Begin PBXResourcesBuildPhase section */
		02263A9829D8988E00B45BBC /* Resources */ = {
			isa = PBXResourcesBuildPhase;
			buildActionMask = 2147483647;
			files = (
				02263AA529D8988F00B45BBC /* Preview Assets.xcassets in Resources */,
				02263AA229D8988F00B45BBC /* Assets.xcassets in Resources */,
			);
			runOnlyForDeploymentPostprocessing = 0;
		};
/* End PBXResourcesBuildPhase section */

/* Begin PBXSourcesBuildPhase section */
		02263A9629D8988E00B45BBC /* Sources */ = {
			isa = PBXSourcesBuildPhase;
			buildActionMask = 2147483647;
			files = (
				02D9547B29DB130F002B4B9E /* CustomTextField.swift in Sources */,
				029373D729E288E200EAF9E7 /* StickyHeaderModel.swift in Sources */,
				0219300329DC28A800673A5C /* AnimationEndCallback.swift in Sources */,
				0234E82A2A0E533D001351CB /* BreathingAppAnimation.swift in Sources */,
				02263AA029D8988E00B45BBC /* ContentView.swift in Sources */,
				02E8DD4729DF0402006D005C /* TextAnimation.swift in Sources */,
				02192FFE29DC012600673A5C /* Home1.swift in Sources */,
				0219300129DC1A9C00673A5C /* ScrollOffserModifier.swift in Sources */,
				024E89E729E2CEBF000330E5 /* Extension.swift in Sources */,
				0250D79729E5D28400234761 /* QuizAnimation.swift in Sources */,
				02263AAC29D9337900B45BBC /* OptimiseBuildSettings.swift in Sources */,
				029373DA29E2956800EAF9E7 /* StickyHeaderHome.swift in Sources */,
				02263AB329D97BD300B45BBC /* Home.swift in Sources */,
				02263A9E29D8988E00B45BBC /* SwiftUIAnimationsApp.swift in Sources */,
				02D9547D29DB1B8E002B4B9E /* InfiniteCarousel.swift in Sources */,
				02192FFC29DC001E00673A5C /* Tab.swift in Sources */,
				02263AB129D979E400B45BBC /* PageIntro.swift in Sources */,
				02263AB529D9834500B45BBC /* CustomIndicatorView.swift in Sources */,
			);
			runOnlyForDeploymentPostprocessing = 0;
		};
/* End PBXSourcesBuildPhase section */

/* Begin XCBuildConfiguration section */
		02263AA629D8988F00B45BBC /* Debug */ = {
			isa = XCBuildConfiguration;
			buildSettings = {
				ALWAYS_SEARCH_USER_PATHS = NO;
				CLANG_ANALYZER_NONNULL = YES;
				CLANG_ANALYZER_NUMBER_OBJECT_CONVERSION = YES_AGGRESSIVE;
				CLANG_CXX_LANGUAGE_STANDARD = "gnu++20";
				CLANG_ENABLE_MODULES = YES;
				CLANG_ENABLE_OBJC_ARC = YES;
				CLANG_ENABLE_OBJC_WEAK = YES;
				CLANG_WARN_BLOCK_CAPTURE_AUTORELEASING = YES;
				CLANG_WARN_BOOL_CONVERSION = YES;
				CLANG_WARN_COMMA = YES;
				CLANG_WARN_CONSTANT_CONVERSION = YES;
				CLANG_WARN_DEPRECATED_OBJC_IMPLEMENTATIONS = YES;
				CLANG_WARN_DIRECT_OBJC_ISA_USAGE = YES_ERROR;
				CLANG_WARN_DOCUMENTATION_COMMENTS = YES;
				CLANG_WARN_EMPTY_BODY = YES;
				CLANG_WARN_ENUM_CONVERSION = YES;
				CLANG_WARN_INFINITE_RECURSION = YES;
				CLANG_WARN_INT_CONVERSION = YES;
				CLANG_WARN_NON_LITERAL_NULL_CONVERSION = YES;
				CLANG_WARN_OBJC_IMPLICIT_RETAIN_SELF = YES;
				CLANG_WARN_OBJC_LITERAL_CONVERSION = YES;
				CLANG_WARN_OBJC_ROOT_CLASS = YES_ERROR;
				CLANG_WARN_QUOTED_INCLUDE_IN_FRAMEWORK_HEADER = YES;
				CLANG_WARN_RANGE_LOOP_ANALYSIS = YES;
				CLANG_WARN_STRICT_PROTOTYPES = YES;
				CLANG_WARN_SUSPICIOUS_MOVE = YES;
				CLANG_WARN_UNGUARDED_AVAILABILITY = YES_AGGRESSIVE;
				CLANG_WARN_UNREACHABLE_CODE = YES;
				CLANG_WARN__DUPLICATE_METHOD_MATCH = YES;
				COPY_PHASE_STRIP = NO;
				DEBUG_INFORMATION_FORMAT = dwarf;
				ENABLE_STRICT_OBJC_MSGSEND = YES;
				ENABLE_TESTABILITY = YES;
				GCC_C_LANGUAGE_STANDARD = gnu11;
				GCC_DYNAMIC_NO_PIC = NO;
				GCC_NO_COMMON_BLOCKS = YES;
				GCC_OPTIMIZATION_LEVEL = 0;
				GCC_PREPROCESSOR_DEFINITIONS = (
					"DEBUG=1",
					"$(inherited)",
				);
				GCC_WARN_64_TO_32_BIT_CONVERSION = YES;
				GCC_WARN_ABOUT_RETURN_TYPE = YES_ERROR;
				GCC_WARN_UNDECLARED_SELECTOR = YES;
				GCC_WARN_UNINITIALIZED_AUTOS = YES_AGGRESSIVE;
				GCC_WARN_UNUSED_FUNCTION = YES;
				GCC_WARN_UNUSED_VARIABLE = YES;
				IPHONEOS_DEPLOYMENT_TARGET = 16.2;
				MTL_ENABLE_DEBUG_INFO = INCLUDE_SOURCE;
				MTL_FAST_MATH = YES;
				ONLY_ACTIVE_ARCH = YES;
				SDKROOT = iphoneos;
				SWIFT_ACTIVE_COMPILATION_CONDITIONS = DEBUG;
				SWIFT_OPTIMIZATION_LEVEL = "-Onone";
			};
			name = Debug;
		};
		02263AA729D8988F00B45BBC /* Release */ = {
			isa = XCBuildConfiguration;
			buildSettings = {
				ALWAYS_SEARCH_USER_PATHS = NO;
				CLANG_ANALYZER_NONNULL = YES;
				CLANG_ANALYZER_NUMBER_OBJECT_CONVERSION = YES_AGGRESSIVE;
				CLANG_CXX_LANGUAGE_STANDARD = "gnu++20";
				CLANG_ENABLE_MODULES = YES;
				CLANG_ENABLE_OBJC_ARC = YES;
				CLANG_ENABLE_OBJC_WEAK = YES;
				CLANG_WARN_BLOCK_CAPTURE_AUTORELEASING = YES;
				CLANG_WARN_BOOL_CONVERSION = YES;
				CLANG_WARN_COMMA = YES;
				CLANG_WARN_CONSTANT_CONVERSION = YES;
				CLANG_WARN_DEPRECATED_OBJC_IMPLEMENTATIONS = YES;
				CLANG_WARN_DIRECT_OBJC_ISA_USAGE = YES_ERROR;
				CLANG_WARN_DOCUMENTATION_COMMENTS = YES;
				CLANG_WARN_EMPTY_BODY = YES;
				CLANG_WARN_ENUM_CONVERSION = YES;
				CLANG_WARN_INFINITE_RECURSION = YES;
				CLANG_WARN_INT_CONVERSION = YES;
				CLANG_WARN_NON_LITERAL_NULL_CONVERSION = YES;
				CLANG_WARN_OBJC_IMPLICIT_RETAIN_SELF = YES;
				CLANG_WARN_OBJC_LITERAL_CONVERSION = YES;
				CLANG_WARN_OBJC_ROOT_CLASS = YES_ERROR;
				CLANG_WARN_QUOTED_INCLUDE_IN_FRAMEWORK_HEADER = YES;
				CLANG_WARN_RANGE_LOOP_ANALYSIS = YES;
				CLANG_WARN_STRICT_PROTOTYPES = YES;
				CLANG_WARN_SUSPICIOUS_MOVE = YES;
				CLANG_WARN_UNGUARDED_AVAILABILITY = YES_AGGRESSIVE;
				CLANG_WARN_UNREACHABLE_CODE = YES;
				CLANG_WARN__DUPLICATE_METHOD_MATCH = YES;
				COPY_PHASE_STRIP = NO;
				DEBUG_INFORMATION_FORMAT = "dwarf-with-dsym";
				ENABLE_NS_ASSERTIONS = NO;
				ENABLE_STRICT_OBJC_MSGSEND = YES;
				GCC_C_LANGUAGE_STANDARD = gnu11;
				GCC_NO_COMMON_BLOCKS = YES;
				GCC_WARN_64_TO_32_BIT_CONVERSION = YES;
				GCC_WARN_ABOUT_RETURN_TYPE = YES_ERROR;
				GCC_WARN_UNDECLARED_SELECTOR = YES;
				GCC_WARN_UNINITIALIZED_AUTOS = YES_AGGRESSIVE;
				GCC_WARN_UNUSED_FUNCTION = YES;
				GCC_WARN_UNUSED_VARIABLE = YES;
				IPHONEOS_DEPLOYMENT_TARGET = 16.2;
				MTL_ENABLE_DEBUG_INFO = NO;
				MTL_FAST_MATH = YES;
				SDKROOT = iphoneos;
				SWIFT_COMPILATION_MODE = wholemodule;
				SWIFT_OPTIMIZATION_LEVEL = "-O";
				VALIDATE_PRODUCT = YES;
			};
			name = Release;
		};
		02263AA929D8988F00B45BBC /* Debug */ = {
			isa = XCBuildConfiguration;
			buildSettings = {
				ASSETCATALOG_COMPILER_APPICON_NAME = AppIcon;
				ASSETCATALOG_COMPILER_GLOBAL_ACCENT_COLOR_NAME = AccentColor;
				CODE_SIGN_STYLE = Automatic;
				CURRENT_PROJECT_VERSION = 1;
				DEVELOPMENT_ASSET_PATHS = "\"SwiftUIAnimations/Preview Content\"";
				DEVELOPMENT_TEAM = 2P5TPA6QV8;
				ENABLE_PREVIEWS = YES;
				GENERATE_INFOPLIST_FILE = YES;
				INFOPLIST_KEY_UIApplicationSceneManifest_Generation = YES;
				INFOPLIST_KEY_UIApplicationSupportsIndirectInputEvents = YES;
				INFOPLIST_KEY_UILaunchScreen_Generation = YES;
				INFOPLIST_KEY_UISupportedInterfaceOrientations_iPad = "UIInterfaceOrientationPortrait UIInterfaceOrientationPortraitUpsideDown UIInterfaceOrientationLandscapeLeft UIInterfaceOrientationLandscapeRight";
				INFOPLIST_KEY_UISupportedInterfaceOrientations_iPhone = "UIInterfaceOrientationPortrait UIInterfaceOrientationLandscapeLeft UIInterfaceOrientationLandscapeRight";
				LD_RUNPATH_SEARCH_PATHS = (
					"$(inherited)",
					"@executable_path/Frameworks",
				);
				MARKETING_VERSION = 1.0;
				PRODUCT_BUNDLE_IDENTIFIER = com.Adarsh.SwiftUIAnimations;
				PRODUCT_NAME = "$(TARGET_NAME)";
				SWIFT_EMIT_LOC_STRINGS = YES;
				SWIFT_VERSION = 5.0;
				TARGETED_DEVICE_FAMILY = "1,2";
			};
			name = Debug;
		};
		02263AAA29D8988F00B45BBC /* Release */ = {
			isa = XCBuildConfiguration;
			buildSettings = {
				ASSETCATALOG_COMPILER_APPICON_NAME = AppIcon;
				ASSETCATALOG_COMPILER_GLOBAL_ACCENT_COLOR_NAME = AccentColor;
				CODE_SIGN_STYLE = Automatic;
				CURRENT_PROJECT_VERSION = 1;
				DEVELOPMENT_ASSET_PATHS = "\"SwiftUIAnimations/Preview Content\"";
				DEVELOPMENT_TEAM = 2P5TPA6QV8;
				ENABLE_PREVIEWS = YES;
				GENERATE_INFOPLIST_FILE = YES;
				INFOPLIST_KEY_UIApplicationSceneManifest_Generation = YES;
				INFOPLIST_KEY_UIApplicationSupportsIndirectInputEvents = YES;
				INFOPLIST_KEY_UILaunchScreen_Generation = YES;
				INFOPLIST_KEY_UISupportedInterfaceOrientations_iPad = "UIInterfaceOrientationPortrait UIInterfaceOrientationPortraitUpsideDown UIInterfaceOrientationLandscapeLeft UIInterfaceOrientationLandscapeRight";
				INFOPLIST_KEY_UISupportedInterfaceOrientations_iPhone = "UIInterfaceOrientationPortrait UIInterfaceOrientationLandscapeLeft UIInterfaceOrientationLandscapeRight";
				LD_RUNPATH_SEARCH_PATHS = (
					"$(inherited)",
					"@executable_path/Frameworks",
				);
				MARKETING_VERSION = 1.0;
				PRODUCT_BUNDLE_IDENTIFIER = com.Adarsh.SwiftUIAnimations;
				PRODUCT_NAME = "$(TARGET_NAME)";
				SWIFT_EMIT_LOC_STRINGS = YES;
				SWIFT_VERSION = 5.0;
				TARGETED_DEVICE_FAMILY = "1,2";
			};
			name = Release;
		};
/* End XCBuildConfiguration section */

/* Begin XCConfigurationList section */
		02263A9529D8988E00B45BBC /* Build configuration list for PBXProject "SwiftUIAnimations" */ = {
			isa = XCConfigurationList;
			buildConfigurations = (
				02263AA629D8988F00B45BBC /* Debug */,
				02263AA729D8988F00B45BBC /* Release */,
			);
			defaultConfigurationIsVisible = 0;
			defaultConfigurationName = Release;
		};
		02263AA829D8988F00B45BBC /* Build configuration list for PBXNativeTarget "SwiftUIAnimations" */ = {
			isa = XCConfigurationList;
			buildConfigurations = (
				02263AA929D8988F00B45BBC /* Debug */,
				02263AAA29D8988F00B45BBC /* Release */,
			);
			defaultConfigurationIsVisible = 0;
			defaultConfigurationName = Release;
		};
/* End XCConfigurationList section */
	};
	rootObject = 02263A9229D8988E00B45BBC /* Project object */;
}
